// !$*UTF8*$!
{
	archiveVersion = 1;
	classes = {
	};
	objectVersion = 46;
	objects = {

/* Begin PBXBuildFile section */
		1240CB0A75041CD05E58C5BB /* libPods-cachezeroumTests.a in Frameworks */ = {isa = PBXBuildFile; fileRef = 99C0BDBB7F430297ED4A89CC /* libPods-cachezeroumTests.a */; };
		126F980ED9FD33414763665C /* libPods.a in Frameworks */ = {isa = PBXBuildFile; fileRef = 5928F2EA4CF5A182DBD680E2 /* libPods.a */; };
		AC3C3F0E1C037DDA001AA531 /* ActionViewController.m in Sources */ = {isa = PBXBuildFile; fileRef = AC3C3F0D1C037DDA001AA531 /* ActionViewController.m */; };
		AC3C3F111C037DDA001AA531 /* MainInterface.storyboard in Resources */ = {isa = PBXBuildFile; fileRef = AC3C3F0F1C037DDA001AA531 /* MainInterface.storyboard */; };
		AC3C3F161C037DDA001AA531 /* cacheZeroUmOpen.appex in Embed App Extensions */ = {isa = PBXBuildFile; fileRef = AC3C3F0A1C037DD9001AA531 /* cacheZeroUmOpen.appex */; settings = {ATTRIBUTES = (RemoveHeadersOnCopy, ); }; };
		AC3C3F221C037EDB001AA531 /* ShareViewController.m in Sources */ = {isa = PBXBuildFile; fileRef = AC3C3F211C037EDB001AA531 /* ShareViewController.m */; };
		AC3C3F251C037EDB001AA531 /* MainInterface.storyboard in Resources */ = {isa = PBXBuildFile; fileRef = AC3C3F231C037EDB001AA531 /* MainInterface.storyboard */; };
		AC3C3F291C037EDB001AA531 /* cacheZeroUmShare.appex in Embed App Extensions */ = {isa = PBXBuildFile; fileRef = AC3C3F1E1C037EDB001AA531 /* cacheZeroUmShare.appex */; settings = {ATTRIBUTES = (RemoveHeadersOnCopy, ); }; };
		AC3C3F2F1C03A13E001AA531 /* Event.m in Sources */ = {isa = PBXBuildFile; fileRef = AC3C3F2E1C03A13E001AA531 /* Event.m */; };
		AC3C3F321C03A38F001AA531 /* Payload.m in Sources */ = {isa = PBXBuildFile; fileRef = AC3C3F311C03A38F001AA531 /* Payload.m */; };
		AC3C3F351C03A3CD001AA531 /* Repo.m in Sources */ = {isa = PBXBuildFile; fileRef = AC3C3F341C03A3CD001AA531 /* Repo.m */; };
		AC3C3F381C03A4B0001AA531 /* Org.m in Sources */ = {isa = PBXBuildFile; fileRef = AC3C3F371C03A4B0001AA531 /* Org.m */; };
		AC3C3F3B1C03BBE1001AA531 /* Commit.m in Sources */ = {isa = PBXBuildFile; fileRef = AC3C3F3A1C03BBE1001AA531 /* Commit.m */; };
		AC4761B41B5D948D00525C99 /* ConfigHelper.m in Sources */ = {isa = PBXBuildFile; fileRef = AC4761B31B5D948D00525C99 /* ConfigHelper.m */; };
		CA2DA8DE1A95450F00E4B576 /* CacheHelper.m in Sources */ = {isa = PBXBuildFile; fileRef = CA2DA8DD1A95450F00E4B576 /* CacheHelper.m */; };
		CA2DA8E11A95636A00E4B576 /* HTTPRequestHelper.m in Sources */ = {isa = PBXBuildFile; fileRef = CA2DA8E01A95636A00E4B576 /* HTTPRequestHelper.m */; };
		CA2DA8E41A9568C300E4B576 /* Cache.m in Sources */ = {isa = PBXBuildFile; fileRef = CA2DA8E31A9568C300E4B576 /* Cache.m */; };
		CA4717701A94E5D80047D3D5 /* GithubViewController.m in Sources */ = {isa = PBXBuildFile; fileRef = CA47176F1A94E5D80047D3D5 /* GithubViewController.m */; };
		CA4717741A9538320047D3D5 /* Model.xcdatamodeld in Sources */ = {isa = PBXBuildFile; fileRef = CA4717721A9538320047D3D5 /* Model.xcdatamodeld */; };
		CA6279401A93B7FB00494E33 /* main.m in Sources */ = {isa = PBXBuildFile; fileRef = CA62793F1A93B7FB00494E33 /* main.m */; };
		CA6279431A93B7FB00494E33 /* AppDelegate.m in Sources */ = {isa = PBXBuildFile; fileRef = CA6279421A93B7FB00494E33 /* AppDelegate.m */; };
		CA6279491A93B7FB00494E33 /* Main.storyboard in Resources */ = {isa = PBXBuildFile; fileRef = CA6279471A93B7FB00494E33 /* Main.storyboard */; };
		CA62795A1A93B7FC00494E33 /* cachezeroumTests.m in Sources */ = {isa = PBXBuildFile; fileRef = CA6279591A93B7FC00494E33 /* cachezeroumTests.m */; };
		CA6279661A93B8A000494E33 /* images.xcassets in Resources */ = {isa = PBXBuildFile; fileRef = CA6279651A93B8A000494E33 /* images.xcassets */; };
		CA6279691A93BC3000494E33 /* HomeViewController.m in Sources */ = {isa = PBXBuildFile; fileRef = CA6279681A93BC3000494E33 /* HomeViewController.m */; };
		CA62796D1A93C08100494E33 /* API.m in Sources */ = {isa = PBXBuildFile; fileRef = CA62796C1A93C08100494E33 /* API.m */; };
		CA6279721A93C2F800494E33 /* User.m in Sources */ = {isa = PBXBuildFile; fileRef = CA6279711A93C2F800494E33 /* User.m */; };
		CA6279751A93CFF800494E33 /* UserViewController.m in Sources */ = {isa = PBXBuildFile; fileRef = CA6279741A93CFF800494E33 /* UserViewController.m */; };
		CA6279791A93D17200494E33 /* UserCell.m in Sources */ = {isa = PBXBuildFile; fileRef = CA6279781A93D17200494E33 /* UserCell.m */; };
/* End PBXBuildFile section */

/* Begin PBXContainerItemProxy section */
		AC3C3F131C037DDA001AA531 /* PBXContainerItemProxy */ = {
			isa = PBXContainerItemProxy;
			containerPortal = CA6279321A93B7FB00494E33 /* Project object */;
			proxyType = 1;
			remoteGlobalIDString = AC3C3F091C037DD9001AA531;
			remoteInfo = cacheZeroUmOpen;
		};
		AC3C3F271C037EDB001AA531 /* PBXContainerItemProxy */ = {
			isa = PBXContainerItemProxy;
			containerPortal = CA6279321A93B7FB00494E33 /* Project object */;
			proxyType = 1;
			remoteGlobalIDString = AC3C3F1D1C037EDB001AA531;
			remoteInfo = cacheZeroUmShare;
		};
		CA6279541A93B7FC00494E33 /* PBXContainerItemProxy */ = {
			isa = PBXContainerItemProxy;
			containerPortal = CA6279321A93B7FB00494E33 /* Project object */;
			proxyType = 1;
			remoteGlobalIDString = CA6279391A93B7FB00494E33;
			remoteInfo = cachezeroum;
		};
/* End PBXContainerItemProxy section */

/* Begin PBXCopyFilesBuildPhase section */
		AC3C3F151C037DDA001AA531 /* Embed App Extensions */ = {
			isa = PBXCopyFilesBuildPhase;
			buildActionMask = 2147483647;
			dstPath = "";
			dstSubfolderSpec = 13;
			files = (
				AC3C3F161C037DDA001AA531 /* cacheZeroUmOpen.appex in Embed App Extensions */,
				AC3C3F291C037EDB001AA531 /* cacheZeroUmShare.appex in Embed App Extensions */,
			);
			name = "Embed App Extensions";
			runOnlyForDeploymentPostprocessing = 0;
		};
/* End PBXCopyFilesBuildPhase section */

/* Begin PBXFileReference section */
		4AB757BF5D78B91388A8F66E /* Pods.debug.xcconfig */ = {isa = PBXFileReference; includeInIndex = 1; lastKnownFileType = text.xcconfig; name = Pods.debug.xcconfig; path = "Pods/Target Support Files/Pods/Pods.debug.xcconfig"; sourceTree = "<group>"; };
		5928F2EA4CF5A182DBD680E2 /* libPods.a */ = {isa = PBXFileReference; explicitFileType = archive.ar; includeInIndex = 0; path = libPods.a; sourceTree = BUILT_PRODUCTS_DIR; };
		78E6C4F39C64CBDAEEE77F4B /* Pods.release.xcconfig */ = {isa = PBXFileReference; includeInIndex = 1; lastKnownFileType = text.xcconfig; name = Pods.release.xcconfig; path = "Pods/Target Support Files/Pods/Pods.release.xcconfig"; sourceTree = "<group>"; };
		7C9019418904CA49E8D7A729 /* Pods-cachezeroumTests.debug.xcconfig */ = {isa = PBXFileReference; includeInIndex = 1; lastKnownFileType = text.xcconfig; name = "Pods-cachezeroumTests.debug.xcconfig"; path = "Pods/Target Support Files/Pods-cachezeroumTests/Pods-cachezeroumTests.debug.xcconfig"; sourceTree = "<group>"; };
		99C0BDBB7F430297ED4A89CC /* libPods-cachezeroumTests.a */ = {isa = PBXFileReference; explicitFileType = archive.ar; includeInIndex = 0; path = "libPods-cachezeroumTests.a"; sourceTree = BUILT_PRODUCTS_DIR; };
		AC3C3F0A1C037DD9001AA531 /* cacheZeroUmOpen.appex */ = {isa = PBXFileReference; explicitFileType = "wrapper.app-extension"; includeInIndex = 0; path = cacheZeroUmOpen.appex; sourceTree = BUILT_PRODUCTS_DIR; };
		AC3C3F0C1C037DDA001AA531 /* ActionViewController.h */ = {isa = PBXFileReference; lastKnownFileType = sourcecode.c.h; path = ActionViewController.h; sourceTree = "<group>"; };
		AC3C3F0D1C037DDA001AA531 /* ActionViewController.m */ = {isa = PBXFileReference; lastKnownFileType = sourcecode.c.objc; path = ActionViewController.m; sourceTree = "<group>"; };
		AC3C3F101C037DDA001AA531 /* Base */ = {isa = PBXFileReference; lastKnownFileType = file.storyboard; name = Base; path = Base.lproj/MainInterface.storyboard; sourceTree = "<group>"; };
		AC3C3F121C037DDA001AA531 /* Info.plist */ = {isa = PBXFileReference; lastKnownFileType = text.plist.xml; path = Info.plist; sourceTree = "<group>"; };
		AC3C3F1E1C037EDB001AA531 /* cacheZeroUmShare.appex */ = {isa = PBXFileReference; explicitFileType = "wrapper.app-extension"; includeInIndex = 0; path = cacheZeroUmShare.appex; sourceTree = BUILT_PRODUCTS_DIR; };
		AC3C3F201C037EDB001AA531 /* ShareViewController.h */ = {isa = PBXFileReference; lastKnownFileType = sourcecode.c.h; path = ShareViewController.h; sourceTree = "<group>"; };
		AC3C3F211C037EDB001AA531 /* ShareViewController.m */ = {isa = PBXFileReference; lastKnownFileType = sourcecode.c.objc; path = ShareViewController.m; sourceTree = "<group>"; };
		AC3C3F241C037EDB001AA531 /* Base */ = {isa = PBXFileReference; lastKnownFileType = file.storyboard; name = Base; path = Base.lproj/MainInterface.storyboard; sourceTree = "<group>"; };
		AC3C3F261C037EDB001AA531 /* Info.plist */ = {isa = PBXFileReference; lastKnownFileType = text.plist.xml; path = Info.plist; sourceTree = "<group>"; };
		AC3C3F2D1C03A13E001AA531 /* Event.h */ = {isa = PBXFileReference; fileEncoding = 4; lastKnownFileType = sourcecode.c.h; path = Event.h; sourceTree = "<group>"; };
		AC3C3F2E1C03A13E001AA531 /* Event.m */ = {isa = PBXFileReference; fileEncoding = 4; lastKnownFileType = sourcecode.c.objc; path = Event.m; sourceTree = "<group>"; };
		AC3C3F301C03A38F001AA531 /* Payload.h */ = {isa = PBXFileReference; fileEncoding = 4; lastKnownFileType = sourcecode.c.h; path = Payload.h; sourceTree = "<group>"; };
		AC3C3F311C03A38F001AA531 /* Payload.m */ = {isa = PBXFileReference; fileEncoding = 4; lastKnownFileType = sourcecode.c.objc; path = Payload.m; sourceTree = "<group>"; };
		AC3C3F331C03A3CD001AA531 /* Repo.h */ = {isa = PBXFileReference; fileEncoding = 4; lastKnownFileType = sourcecode.c.h; path = Repo.h; sourceTree = "<group>"; };
		AC3C3F341C03A3CD001AA531 /* Repo.m */ = {isa = PBXFileReference; fileEncoding = 4; lastKnownFileType = sourcecode.c.objc; path = Repo.m; sourceTree = "<group>"; };
		AC3C3F361C03A4B0001AA531 /* Org.h */ = {isa = PBXFileReference; fileEncoding = 4; lastKnownFileType = sourcecode.c.h; path = Org.h; sourceTree = "<group>"; };
		AC3C3F371C03A4B0001AA531 /* Org.m */ = {isa = PBXFileReference; fileEncoding = 4; lastKnownFileType = sourcecode.c.objc; path = Org.m; sourceTree = "<group>"; };
		AC3C3F391C03BBE1001AA531 /* Commit.h */ = {isa = PBXFileReference; fileEncoding = 4; lastKnownFileType = sourcecode.c.h; path = Commit.h; sourceTree = "<group>"; };
		AC3C3F3A1C03BBE1001AA531 /* Commit.m */ = {isa = PBXFileReference; fileEncoding = 4; lastKnownFileType = sourcecode.c.objc; path = Commit.m; sourceTree = "<group>"; };
		AC4761B21B5D948D00525C99 /* ConfigHelper.h */ = {isa = PBXFileReference; fileEncoding = 4; lastKnownFileType = sourcecode.c.h; path = ConfigHelper.h; sourceTree = "<group>"; };
		AC4761B31B5D948D00525C99 /* ConfigHelper.m */ = {isa = PBXFileReference; fileEncoding = 4; lastKnownFileType = sourcecode.c.objc; path = ConfigHelper.m; sourceTree = "<group>"; };
		CA2DA8DC1A95450F00E4B576 /* CacheHelper.h */ = {isa = PBXFileReference; fileEncoding = 4; lastKnownFileType = sourcecode.c.h; path = CacheHelper.h; sourceTree = "<group>"; };
		CA2DA8DD1A95450F00E4B576 /* CacheHelper.m */ = {isa = PBXFileReference; fileEncoding = 4; lastKnownFileType = sourcecode.c.objc; path = CacheHelper.m; sourceTree = "<group>"; };
		CA2DA8DF1A95636A00E4B576 /* HTTPRequestHelper.h */ = {isa = PBXFileReference; fileEncoding = 4; lastKnownFileType = sourcecode.c.h; path = HTTPRequestHelper.h; sourceTree = "<group>"; };
		CA2DA8E01A95636A00E4B576 /* HTTPRequestHelper.m */ = {isa = PBXFileReference; fileEncoding = 4; lastKnownFileType = sourcecode.c.objc; path = HTTPRequestHelper.m; sourceTree = "<group>"; };
		CA2DA8E21A9568C300E4B576 /* Cache.h */ = {isa = PBXFileReference; fileEncoding = 4; lastKnownFileType = sourcecode.c.h; path = Cache.h; sourceTree = "<group>"; };
		CA2DA8E31A9568C300E4B576 /* Cache.m */ = {isa = PBXFileReference; fileEncoding = 4; lastKnownFileType = sourcecode.c.objc; path = Cache.m; sourceTree = "<group>"; };
		CA47176E1A94E5D80047D3D5 /* GithubViewController.h */ = {isa = PBXFileReference; fileEncoding = 4; lastKnownFileType = sourcecode.c.h; path = GithubViewController.h; sourceTree = "<group>"; };
		CA47176F1A94E5D80047D3D5 /* GithubViewController.m */ = {isa = PBXFileReference; fileEncoding = 4; lastKnownFileType = sourcecode.c.objc; path = GithubViewController.m; sourceTree = "<group>"; };
		CA4717731A9538320047D3D5 /* Model.xcdatamodel */ = {isa = PBXFileReference; lastKnownFileType = wrapper.xcdatamodel; path = Model.xcdatamodel; sourceTree = "<group>"; };
		CA62793A1A93B7FB00494E33 /* cachezeroum.app */ = {isa = PBXFileReference; explicitFileType = wrapper.application; includeInIndex = 0; path = cachezeroum.app; sourceTree = BUILT_PRODUCTS_DIR; };
		CA62793E1A93B7FB00494E33 /* Info.plist */ = {isa = PBXFileReference; lastKnownFileType = text.plist.xml; path = Info.plist; sourceTree = "<group>"; };
		CA62793F1A93B7FB00494E33 /* main.m */ = {isa = PBXFileReference; lastKnownFileType = sourcecode.c.objc; path = main.m; sourceTree = "<group>"; };
		CA6279411A93B7FB00494E33 /* AppDelegate.h */ = {isa = PBXFileReference; lastKnownFileType = sourcecode.c.h; path = AppDelegate.h; sourceTree = "<group>"; };
		CA6279421A93B7FB00494E33 /* AppDelegate.m */ = {isa = PBXFileReference; lastKnownFileType = sourcecode.c.objc; path = AppDelegate.m; sourceTree = "<group>"; };
		CA6279481A93B7FB00494E33 /* Base */ = {isa = PBXFileReference; lastKnownFileType = file.storyboard; name = Base; path = Base.lproj/Main.storyboard; sourceTree = "<group>"; };
		CA6279531A93B7FC00494E33 /* cachezeroumTests.xctest */ = {isa = PBXFileReference; explicitFileType = wrapper.cfbundle; includeInIndex = 0; path = cachezeroumTests.xctest; sourceTree = BUILT_PRODUCTS_DIR; };
		CA6279581A93B7FC00494E33 /* Info.plist */ = {isa = PBXFileReference; lastKnownFileType = text.plist.xml; path = Info.plist; sourceTree = "<group>"; };
		CA6279591A93B7FC00494E33 /* cachezeroumTests.m */ = {isa = PBXFileReference; lastKnownFileType = sourcecode.c.objc; path = cachezeroumTests.m; sourceTree = "<group>"; };
		CA6279651A93B8A000494E33 /* images.xcassets */ = {isa = PBXFileReference; lastKnownFileType = folder.assetcatalog; path = images.xcassets; sourceTree = "<group>"; };
		CA6279671A93BC3000494E33 /* HomeViewController.h */ = {isa = PBXFileReference; fileEncoding = 4; lastKnownFileType = sourcecode.c.h; name = HomeViewController.h; path = ../HomeViewController.h; sourceTree = "<group>"; };
		CA6279681A93BC3000494E33 /* HomeViewController.m */ = {isa = PBXFileReference; fileEncoding = 4; lastKnownFileType = sourcecode.c.objc; name = HomeViewController.m; path = ../HomeViewController.m; sourceTree = "<group>"; };
		CA62796B1A93C08100494E33 /* API.h */ = {isa = PBXFileReference; fileEncoding = 4; lastKnownFileType = sourcecode.c.h; path = API.h; sourceTree = "<group>"; };
		CA62796C1A93C08100494E33 /* API.m */ = {isa = PBXFileReference; fileEncoding = 4; lastKnownFileType = sourcecode.c.objc; path = API.m; sourceTree = "<group>"; };
		CA62796E1A93C0EF00494E33 /* Cache-Prefix.pch */ = {isa = PBXFileReference; lastKnownFileType = sourcecode.c.h; path = "Cache-Prefix.pch"; sourceTree = "<group>"; };
		CA62796F1A93C13C00494E33 /* Constants.h */ = {isa = PBXFileReference; lastKnownFileType = sourcecode.c.h; path = Constants.h; sourceTree = "<group>"; };
		CA6279701A93C2F800494E33 /* User.h */ = {isa = PBXFileReference; fileEncoding = 4; lastKnownFileType = sourcecode.c.h; path = User.h; sourceTree = "<group>"; };
		CA6279711A93C2F800494E33 /* User.m */ = {isa = PBXFileReference; fileEncoding = 4; lastKnownFileType = sourcecode.c.objc; path = User.m; sourceTree = "<group>"; };
		CA6279731A93CFF800494E33 /* UserViewController.h */ = {isa = PBXFileReference; fileEncoding = 4; lastKnownFileType = sourcecode.c.h; path = UserViewController.h; sourceTree = "<group>"; };
		CA6279741A93CFF800494E33 /* UserViewController.m */ = {isa = PBXFileReference; fileEncoding = 4; lastKnownFileType = sourcecode.c.objc; path = UserViewController.m; sourceTree = "<group>"; };
		CA6279771A93D17200494E33 /* UserCell.h */ = {isa = PBXFileReference; fileEncoding = 4; lastKnownFileType = sourcecode.c.h; path = UserCell.h; sourceTree = "<group>"; };
		CA6279781A93D17200494E33 /* UserCell.m */ = {isa = PBXFileReference; fileEncoding = 4; lastKnownFileType = sourcecode.c.objc; path = UserCell.m; sourceTree = "<group>"; };
		FFF695F13EACB21168D3A387 /* Pods-cachezeroumTests.release.xcconfig */ = {isa = PBXFileReference; includeInIndex = 1; lastKnownFileType = text.xcconfig; name = "Pods-cachezeroumTests.release.xcconfig"; path = "Pods/Target Support Files/Pods-cachezeroumTests/Pods-cachezeroumTests.release.xcconfig"; sourceTree = "<group>"; };
/* End PBXFileReference section */

/* Begin PBXFrameworksBuildPhase section */
		AC3C3F071C037DD9001AA531 /* Frameworks */ = {
			isa = PBXFrameworksBuildPhase;
			buildActionMask = 2147483647;
			files = (
			);
			runOnlyForDeploymentPostprocessing = 0;
		};
		AC3C3F1B1C037EDB001AA531 /* Frameworks */ = {
			isa = PBXFrameworksBuildPhase;
			buildActionMask = 2147483647;
			files = (
			);
			runOnlyForDeploymentPostprocessing = 0;
		};
		CA6279371A93B7FB00494E33 /* Frameworks */ = {
			isa = PBXFrameworksBuildPhase;
			buildActionMask = 2147483647;
			files = (
				126F980ED9FD33414763665C /* libPods.a in Frameworks */,
			);
			runOnlyForDeploymentPostprocessing = 0;
		};
		CA6279501A93B7FC00494E33 /* Frameworks */ = {
			isa = PBXFrameworksBuildPhase;
			buildActionMask = 2147483647;
			files = (
				1240CB0A75041CD05E58C5BB /* libPods-cachezeroumTests.a in Frameworks */,
			);
			runOnlyForDeploymentPostprocessing = 0;
		};
/* End PBXFrameworksBuildPhase section */

/* Begin PBXGroup section */
		3426D066A7CBC9B6707C015A /* Pods */ = {
			isa = PBXGroup;
			children = (
				4AB757BF5D78B91388A8F66E /* Pods.debug.xcconfig */,
				78E6C4F39C64CBDAEEE77F4B /* Pods.release.xcconfig */,
				7C9019418904CA49E8D7A729 /* Pods-cachezeroumTests.debug.xcconfig */,
				FFF695F13EACB21168D3A387 /* Pods-cachezeroumTests.release.xcconfig */,
			);
			name = Pods;
			sourceTree = "<group>";
		};
		3917C98FD759E051283A36DC /* Frameworks */ = {
			isa = PBXGroup;
			children = (
				5928F2EA4CF5A182DBD680E2 /* libPods.a */,
				99C0BDBB7F430297ED4A89CC /* libPods-cachezeroumTests.a */,
			);
			name = Frameworks;
			sourceTree = "<group>";
		};
		AC3C3F0B1C037DDA001AA531 /* cacheZeroUmOpen */ = {
			isa = PBXGroup;
			children = (
				AC3C3F0C1C037DDA001AA531 /* ActionViewController.h */,
				AC3C3F0D1C037DDA001AA531 /* ActionViewController.m */,
				AC3C3F0F1C037DDA001AA531 /* MainInterface.storyboard */,
				AC3C3F121C037DDA001AA531 /* Info.plist */,
			);
			path = cacheZeroUmOpen;
			sourceTree = "<group>";
		};
		AC3C3F1F1C037EDB001AA531 /* cacheZeroUmShare */ = {
			isa = PBXGroup;
			children = (
				AC3C3F201C037EDB001AA531 /* ShareViewController.h */,
				AC3C3F211C037EDB001AA531 /* ShareViewController.m */,
				AC3C3F231C037EDB001AA531 /* MainInterface.storyboard */,
				AC3C3F261C037EDB001AA531 /* Info.plist */,
			);
			path = cacheZeroUmShare;
			sourceTree = "<group>";
		};
		CA47176B1A94E57E0047D3D5 /* Home */ = {
			isa = PBXGroup;
			children = (
				CA6279761A93D13E00494E33 /* Cell */,
				CA6279671A93BC3000494E33 /* HomeViewController.h */,
				CA6279681A93BC3000494E33 /* HomeViewController.m */,
			);
			name = Home;
			sourceTree = "<group>";
		};
		CA47176C1A94E5940047D3D5 /* User */ = {
			isa = PBXGroup;
			children = (
				CA6279731A93CFF800494E33 /* UserViewController.h */,
				CA6279741A93CFF800494E33 /* UserViewController.m */,
			);
			name = User;
			sourceTree = "<group>";
		};
		CA47176D1A94E5B80047D3D5 /* Github */ = {
			isa = PBXGroup;
			children = (
				CA47176E1A94E5D80047D3D5 /* GithubViewController.h */,
				CA47176F1A94E5D80047D3D5 /* GithubViewController.m */,
			);
			name = Github;
			sourceTree = "<group>";
		};
		CA4717711A950BD60047D3D5 /* UI */ = {
			isa = PBXGroup;
			children = (
			);
			name = UI;
			sourceTree = "<group>";
		};
		CA4717751A953B4D0047D3D5 /* Helper */ = {
			isa = PBXGroup;
			children = (
				CA2DA8DC1A95450F00E4B576 /* CacheHelper.h */,
				CA2DA8DD1A95450F00E4B576 /* CacheHelper.m */,
				CA2DA8DF1A95636A00E4B576 /* HTTPRequestHelper.h */,
				CA2DA8E01A95636A00E4B576 /* HTTPRequestHelper.m */,
				AC4761B21B5D948D00525C99 /* ConfigHelper.h */,
				AC4761B31B5D948D00525C99 /* ConfigHelper.m */,
			);
			name = Helper;
			sourceTree = "<group>";
		};
		CA6279311A93B7FB00494E33 = {
			isa = PBXGroup;
			children = (
				CA62793C1A93B7FB00494E33 /* cachezeroum */,
				CA6279561A93B7FC00494E33 /* cachezeroumTests */,
				AC3C3F0B1C037DDA001AA531 /* cacheZeroUmOpen */,
				AC3C3F1F1C037EDB001AA531 /* cacheZeroUmShare */,
				CA62793B1A93B7FB00494E33 /* Products */,
				3426D066A7CBC9B6707C015A /* Pods */,
				3917C98FD759E051283A36DC /* Frameworks */,
			);
			sourceTree = "<group>";
		};
		CA62793B1A93B7FB00494E33 /* Products */ = {
			isa = PBXGroup;
			children = (
				CA62793A1A93B7FB00494E33 /* cachezeroum.app */,
				CA6279531A93B7FC00494E33 /* cachezeroumTests.xctest */,
				AC3C3F0A1C037DD9001AA531 /* cacheZeroUmOpen.appex */,
				AC3C3F1E1C037EDB001AA531 /* cacheZeroUmShare.appex */,
			);
			name = Products;
			sourceTree = "<group>";
		};
		CA62793C1A93B7FB00494E33 /* cachezeroum */ = {
			isa = PBXGroup;
			children = (
				CA4717751A953B4D0047D3D5 /* Helper */,
				CA4717711A950BD60047D3D5 /* UI */,
				CA47176D1A94E5B80047D3D5 /* Github */,
				CA47176B1A94E57E0047D3D5 /* Home */,
				CA47176C1A94E5940047D3D5 /* User */,
				CA62796A1A93BE1300494E33 /* Business */,
				CA6279651A93B8A000494E33 /* images.xcassets */,
				CA6279411A93B7FB00494E33 /* AppDelegate.h */,
				CA6279421A93B7FB00494E33 /* AppDelegate.m */,
				CA6279471A93B7FB00494E33 /* Main.storyboard */,
				CA62793D1A93B7FB00494E33 /* Supporting Files */,
			);
			path = cachezeroum;
			sourceTree = "<group>";
		};
		CA62793D1A93B7FB00494E33 /* Supporting Files */ = {
			isa = PBXGroup;
			children = (
				CA62793E1A93B7FB00494E33 /* Info.plist */,
				CA62793F1A93B7FB00494E33 /* main.m */,
				CA62796E1A93C0EF00494E33 /* Cache-Prefix.pch */,
			);
			name = "Supporting Files";
			sourceTree = "<group>";
		};
		CA6279561A93B7FC00494E33 /* cachezeroumTests */ = {
			isa = PBXGroup;
			children = (
				CA6279591A93B7FC00494E33 /* cachezeroumTests.m */,
				CA6279571A93B7FC00494E33 /* Supporting Files */,
			);
			path = cachezeroumTests;
			sourceTree = "<group>";
		};
		CA6279571A93B7FC00494E33 /* Supporting Files */ = {
			isa = PBXGroup;
			children = (
				CA6279581A93B7FC00494E33 /* Info.plist */,
			);
			name = "Supporting Files";
			sourceTree = "<group>";
		};
		CA62796A1A93BE1300494E33 /* Business */ = {
			isa = PBXGroup;
			children = (
				CA4717721A9538320047D3D5 /* Model.xcdatamodeld */,
				CA62796B1A93C08100494E33 /* API.h */,
				CA62796C1A93C08100494E33 /* API.m */,
				CA62796F1A93C13C00494E33 /* Constants.h */,
				CA6279701A93C2F800494E33 /* User.h */,
				CA6279711A93C2F800494E33 /* User.m */,
				CA2DA8E21A9568C300E4B576 /* Cache.h */,
				CA2DA8E31A9568C300E4B576 /* Cache.m */,
				AC3C3F2D1C03A13E001AA531 /* Event.h */,
				AC3C3F2E1C03A13E001AA531 /* Event.m */,
				AC3C3F301C03A38F001AA531 /* Payload.h */,
				AC3C3F311C03A38F001AA531 /* Payload.m */,
				AC3C3F331C03A3CD001AA531 /* Repo.h */,
				AC3C3F341C03A3CD001AA531 /* Repo.m */,
				AC3C3F361C03A4B0001AA531 /* Org.h */,
				AC3C3F371C03A4B0001AA531 /* Org.m */,
				AC3C3F391C03BBE1001AA531 /* Commit.h */,
				AC3C3F3A1C03BBE1001AA531 /* Commit.m */,
			);
			name = Business;
			sourceTree = "<group>";
		};
		CA6279761A93D13E00494E33 /* Cell */ = {
			isa = PBXGroup;
			children = (
				CA6279771A93D17200494E33 /* UserCell.h */,
				CA6279781A93D17200494E33 /* UserCell.m */,
			);
			name = Cell;
			sourceTree = "<group>";
		};
/* End PBXGroup section */

/* Begin PBXNativeTarget section */
		AC3C3F091C037DD9001AA531 /* cacheZeroUmOpen */ = {
			isa = PBXNativeTarget;
			buildConfigurationList = AC3C3F171C037DDA001AA531 /* Build configuration list for PBXNativeTarget "cacheZeroUmOpen" */;
			buildPhases = (
				AC3C3F061C037DD9001AA531 /* Sources */,
				AC3C3F071C037DD9001AA531 /* Frameworks */,
				AC3C3F081C037DD9001AA531 /* Resources */,
			);
			buildRules = (
			);
			dependencies = (
			);
			name = cacheZeroUmOpen;
			productName = cacheZeroUmOpen;
			productReference = AC3C3F0A1C037DD9001AA531 /* cacheZeroUmOpen.appex */;
			productType = "com.apple.product-type.app-extension";
		};
		AC3C3F1D1C037EDB001AA531 /* cacheZeroUmShare */ = {
			isa = PBXNativeTarget;
			buildConfigurationList = AC3C3F2A1C037EDB001AA531 /* Build configuration list for PBXNativeTarget "cacheZeroUmShare" */;
			buildPhases = (
				AC3C3F1A1C037EDB001AA531 /* Sources */,
				AC3C3F1B1C037EDB001AA531 /* Frameworks */,
				AC3C3F1C1C037EDB001AA531 /* Resources */,
			);
			buildRules = (
			);
			dependencies = (
			);
			name = cacheZeroUmShare;
			productName = cacheZeroUmShare;
			productReference = AC3C3F1E1C037EDB001AA531 /* cacheZeroUmShare.appex */;
			productType = "com.apple.product-type.app-extension";
		};
		CA6279391A93B7FB00494E33 /* cachezeroum */ = {
			isa = PBXNativeTarget;
			buildConfigurationList = CA62795D1A93B7FC00494E33 /* Build configuration list for PBXNativeTarget "cachezeroum" */;
			buildPhases = (
				AB786E1213FDA7FB1C02D05A /* Check Pods Manifest.lock */,
				CA6279361A93B7FB00494E33 /* Sources */,
				CA6279371A93B7FB00494E33 /* Frameworks */,
				CA6279381A93B7FB00494E33 /* Resources */,
				184EBEF63E229F6B63D7C118 /* Copy Pods Resources */,
				8E3639347F198A2B3AA783FB /* Embed Pods Frameworks */,
				AC3C3F051C036C74001AA531 /* ShellScript */,
				AC3C3F151C037DDA001AA531 /* Embed App Extensions */,
			);
			buildRules = (
			);
			dependencies = (
				AC3C3F141C037DDA001AA531 /* PBXTargetDependency */,
				AC3C3F281C037EDB001AA531 /* PBXTargetDependency */,
			);
			name = cachezeroum;
			productName = cachezeroum;
			productReference = CA62793A1A93B7FB00494E33 /* cachezeroum.app */;
			productType = "com.apple.product-type.application";
		};
		CA6279521A93B7FC00494E33 /* cachezeroumTests */ = {
			isa = PBXNativeTarget;
			buildConfigurationList = CA6279601A93B7FC00494E33 /* Build configuration list for PBXNativeTarget "cachezeroumTests" */;
			buildPhases = (
				375880E19276DAB78706FCB0 /* Check Pods Manifest.lock */,
				CA62794F1A93B7FC00494E33 /* Sources */,
				CA6279501A93B7FC00494E33 /* Frameworks */,
				CA6279511A93B7FC00494E33 /* Resources */,
				FFF2C03B91EDE17B8395DAD7 /* Copy Pods Resources */,
				0E90514D9D519B62C5517E18 /* Embed Pods Frameworks */,
			);
			buildRules = (
			);
			dependencies = (
				CA6279551A93B7FC00494E33 /* PBXTargetDependency */,
			);
			name = cachezeroumTests;
			productName = cachezeroumTests;
			productReference = CA6279531A93B7FC00494E33 /* cachezeroumTests.xctest */;
			productType = "com.apple.product-type.bundle.unit-test";
		};
/* End PBXNativeTarget section */

/* Begin PBXProject section */
		CA6279321A93B7FB00494E33 /* Project object */ = {
			isa = PBXProject;
			attributes = {
				LastUpgradeCheck = 0610;
				ORGANIZATIONNAME = "Emiliano Eloi";
				TargetAttributes = {
					AC3C3F091C037DD9001AA531 = {
						CreatedOnToolsVersion = 7.1;
					};
					AC3C3F1D1C037EDB001AA531 = {
						CreatedOnToolsVersion = 7.1;
					};
					CA6279391A93B7FB00494E33 = {
						CreatedOnToolsVersion = 6.1.1;
					};
					CA6279521A93B7FC00494E33 = {
						CreatedOnToolsVersion = 6.1.1;
						TestTargetID = CA6279391A93B7FB00494E33;
					};
				};
			};
			buildConfigurationList = CA6279351A93B7FB00494E33 /* Build configuration list for PBXProject "cachezeroum" */;
			compatibilityVersion = "Xcode 3.2";
			developmentRegion = English;
			hasScannedForEncodings = 0;
			knownRegions = (
				en,
				Base,
			);
			mainGroup = CA6279311A93B7FB00494E33;
			productRefGroup = CA62793B1A93B7FB00494E33 /* Products */;
			projectDirPath = "";
			projectRoot = "";
			targets = (
				CA6279391A93B7FB00494E33 /* cachezeroum */,
				CA6279521A93B7FC00494E33 /* cachezeroumTests */,
				AC3C3F091C037DD9001AA531 /* cacheZeroUmOpen */,
				AC3C3F1D1C037EDB001AA531 /* cacheZeroUmShare */,
			);
		};
/* End PBXProject section */

/* Begin PBXResourcesBuildPhase section */
		AC3C3F081C037DD9001AA531 /* Resources */ = {
			isa = PBXResourcesBuildPhase;
			buildActionMask = 2147483647;
			files = (
				AC3C3F111C037DDA001AA531 /* MainInterface.storyboard in Resources */,
			);
			runOnlyForDeploymentPostprocessing = 0;
		};
		AC3C3F1C1C037EDB001AA531 /* Resources */ = {
			isa = PBXResourcesBuildPhase;
			buildActionMask = 2147483647;
			files = (
				AC3C3F251C037EDB001AA531 /* MainInterface.storyboard in Resources */,
			);
			runOnlyForDeploymentPostprocessing = 0;
		};
		CA6279381A93B7FB00494E33 /* Resources */ = {
			isa = PBXResourcesBuildPhase;
			buildActionMask = 2147483647;
			files = (
				CA6279661A93B8A000494E33 /* images.xcassets in Resources */,
				CA6279491A93B7FB00494E33 /* Main.storyboard in Resources */,
			);
			runOnlyForDeploymentPostprocessing = 0;
		};
		CA6279511A93B7FC00494E33 /* Resources */ = {
			isa = PBXResourcesBuildPhase;
			buildActionMask = 2147483647;
			files = (
			);
			runOnlyForDeploymentPostprocessing = 0;
		};
/* End PBXResourcesBuildPhase section */

/* Begin PBXShellScriptBuildPhase section */
		0E90514D9D519B62C5517E18 /* Embed Pods Frameworks */ = {
			isa = PBXShellScriptBuildPhase;
			buildActionMask = 2147483647;
			files = (
			);
			inputPaths = (
			);
			name = "Embed Pods Frameworks";
			outputPaths = (
			);
			runOnlyForDeploymentPostprocessing = 0;
			shellPath = /bin/sh;
			shellScript = "\"${SRCROOT}/Pods/Target Support Files/Pods-cachezeroumTests/Pods-cachezeroumTests-frameworks.sh\"\n";
			showEnvVarsInLog = 0;
		};
		184EBEF63E229F6B63D7C118 /* Copy Pods Resources */ = {
			isa = PBXShellScriptBuildPhase;
			buildActionMask = 2147483647;
			files = (
			);
			inputPaths = (
			);
			name = "Copy Pods Resources";
			outputPaths = (
			);
			runOnlyForDeploymentPostprocessing = 0;
			shellPath = /bin/sh;
			shellScript = "\"${SRCROOT}/Pods/Target Support Files/Pods/Pods-resources.sh\"\n";
			showEnvVarsInLog = 0;
		};
		375880E19276DAB78706FCB0 /* Check Pods Manifest.lock */ = {
			isa = PBXShellScriptBuildPhase;
			buildActionMask = 2147483647;
			files = (
			);
			inputPaths = (
			);
			name = "Check Pods Manifest.lock";
			outputPaths = (
			);
			runOnlyForDeploymentPostprocessing = 0;
			shellPath = /bin/sh;
			shellScript = "diff \"${PODS_ROOT}/../Podfile.lock\" \"${PODS_ROOT}/Manifest.lock\" > /dev/null\nif [[ $? != 0 ]] ; then\n    cat << EOM\nerror: The sandbox is not in sync with the Podfile.lock. Run 'pod install' or update your CocoaPods installation.\nEOM\n    exit 1\nfi\n";
			showEnvVarsInLog = 0;
		};
		8E3639347F198A2B3AA783FB /* Embed Pods Frameworks */ = {
			isa = PBXShellScriptBuildPhase;
			buildActionMask = 2147483647;
			files = (
			);
			inputPaths = (
			);
			name = "Embed Pods Frameworks";
			outputPaths = (
			);
			runOnlyForDeploymentPostprocessing = 0;
			shellPath = /bin/sh;
			shellScript = "\"${SRCROOT}/Pods/Target Support Files/Pods/Pods-frameworks.sh\"\n";
			showEnvVarsInLog = 0;
		};
		AB786E1213FDA7FB1C02D05A /* Check Pods Manifest.lock */ = {
			isa = PBXShellScriptBuildPhase;
			buildActionMask = 2147483647;
			files = (
			);
			inputPaths = (
			);
			name = "Check Pods Manifest.lock";
			outputPaths = (
			);
			runOnlyForDeploymentPostprocessing = 0;
			shellPath = /bin/sh;
			shellScript = "diff \"${PODS_ROOT}/../Podfile.lock\" \"${PODS_ROOT}/Manifest.lock\" > /dev/null\nif [[ $? != 0 ]] ; then\n    cat << EOM\nerror: The sandbox is not in sync with the Podfile.lock. Run 'pod install' or update your CocoaPods installation.\nEOM\n    exit 1\nfi\n";
			showEnvVarsInLog = 0;
		};
		AC3C3F051C036C74001AA531 /* ShellScript */ = {
			isa = PBXShellScriptBuildPhase;
			buildActionMask = 2147483647;
			files = (
			);
			inputPaths = (
			);
			outputPaths = (
			);
			runOnlyForDeploymentPostprocessing = 0;
			shellPath = /bin/sh;
			shellScript = "\"${PODS_ROOT}/Fabric/Fabric.framework/run\" 29292f4d3b12b675c9bd22259c2d85fa25cc1339 6a70ec516a098a04083a544701cccac7205015d5358f52dc8f386c7fb6fe1921";
		};
		FFF2C03B91EDE17B8395DAD7 /* Copy Pods Resources */ = {
			isa = PBXShellScriptBuildPhase;
			buildActionMask = 2147483647;
			files = (
			);
			inputPaths = (
			);
			name = "Copy Pods Resources";
			outputPaths = (
			);
			runOnlyForDeploymentPostprocessing = 0;
			shellPath = /bin/sh;
			shellScript = "\"${SRCROOT}/Pods/Target Support Files/Pods-cachezeroumTests/Pods-cachezeroumTests-resources.sh\"\n";
			showEnvVarsInLog = 0;
		};
/* End PBXShellScriptBuildPhase section */

/* Begin PBXSourcesBuildPhase section */
		AC3C3F061C037DD9001AA531 /* Sources */ = {
			isa = PBXSourcesBuildPhase;
			buildActionMask = 2147483647;
			files = (
				AC3C3F0E1C037DDA001AA531 /* ActionViewController.m in Sources */,
			);
			runOnlyForDeploymentPostprocessing = 0;
		};
		AC3C3F1A1C037EDB001AA531 /* Sources */ = {
			isa = PBXSourcesBuildPhase;
			buildActionMask = 2147483647;
			files = (
				AC3C3F221C037EDB001AA531 /* ShareViewController.m in Sources */,
			);
			runOnlyForDeploymentPostprocessing = 0;
		};
		CA6279361A93B7FB00494E33 /* Sources */ = {
			isa = PBXSourcesBuildPhase;
			buildActionMask = 2147483647;
			files = (
				CA2DA8DE1A95450F00E4B576 /* CacheHelper.m in Sources */,
				AC4761B41B5D948D00525C99 /* ConfigHelper.m in Sources */,
				AC3C3F381C03A4B0001AA531 /* Org.m in Sources */,
				CA6279721A93C2F800494E33 /* User.m in Sources */,
				AC3C3F321C03A38F001AA531 /* Payload.m in Sources */,
				CA6279431A93B7FB00494E33 /* AppDelegate.m in Sources */,
				CA6279401A93B7FB00494E33 /* main.m in Sources */,
				CA4717701A94E5D80047D3D5 /* GithubViewController.m in Sources */,
				AC3C3F351C03A3CD001AA531 /* Repo.m in Sources */,
				AC3C3F2F1C03A13E001AA531 /* Event.m in Sources */,
				CA6279751A93CFF800494E33 /* UserViewController.m in Sources */,
				CA2DA8E41A9568C300E4B576 /* Cache.m in Sources */,
				AC3C3F3B1C03BBE1001AA531 /* Commit.m in Sources */,
				CA2DA8E11A95636A00E4B576 /* HTTPRequestHelper.m in Sources */,
				CA4717741A9538320047D3D5 /* Model.xcdatamodeld in Sources */,
				CA62796D1A93C08100494E33 /* API.m in Sources */,
				CA6279791A93D17200494E33 /* UserCell.m in Sources */,
				CA6279691A93BC3000494E33 /* HomeViewController.m in Sources */,
			);
			runOnlyForDeploymentPostprocessing = 0;
		};
		CA62794F1A93B7FC00494E33 /* Sources */ = {
			isa = PBXSourcesBuildPhase;
			buildActionMask = 2147483647;
			files = (
				CA62795A1A93B7FC00494E33 /* cachezeroumTests.m in Sources */,
			);
			runOnlyForDeploymentPostprocessing = 0;
		};
/* End PBXSourcesBuildPhase section */

/* Begin PBXTargetDependency section */
		AC3C3F141C037DDA001AA531 /* PBXTargetDependency */ = {
			isa = PBXTargetDependency;
			target = AC3C3F091C037DD9001AA531 /* cacheZeroUmOpen */;
			targetProxy = AC3C3F131C037DDA001AA531 /* PBXContainerItemProxy */;
		};
		AC3C3F281C037EDB001AA531 /* PBXTargetDependency */ = {
			isa = PBXTargetDependency;
			target = AC3C3F1D1C037EDB001AA531 /* cacheZeroUmShare */;
			targetProxy = AC3C3F271C037EDB001AA531 /* PBXContainerItemProxy */;
		};
		CA6279551A93B7FC00494E33 /* PBXTargetDependency */ = {
			isa = PBXTargetDependency;
			target = CA6279391A93B7FB00494E33 /* cachezeroum */;
			targetProxy = CA6279541A93B7FC00494E33 /* PBXContainerItemProxy */;
		};
/* End PBXTargetDependency section */

/* Begin PBXVariantGroup section */
		AC3C3F0F1C037DDA001AA531 /* MainInterface.storyboard */ = {
			isa = PBXVariantGroup;
			children = (
				AC3C3F101C037DDA001AA531 /* Base */,
			);
			name = MainInterface.storyboard;
			sourceTree = "<group>";
		};
		AC3C3F231C037EDB001AA531 /* MainInterface.storyboard */ = {
			isa = PBXVariantGroup;
			children = (
				AC3C3F241C037EDB001AA531 /* Base */,
			);
			name = MainInterface.storyboard;
			sourceTree = "<group>";
		};
		CA6279471A93B7FB00494E33 /* Main.storyboard */ = {
			isa = PBXVariantGroup;
			children = (
				CA6279481A93B7FB00494E33 /* Base */,
			);
			name = Main.storyboard;
			sourceTree = "<group>";
		};
/* End PBXVariantGroup section */

/* Begin XCBuildConfiguration section */
		AC3C3F181C037DDA001AA531 /* Debug */ = {
			isa = XCBuildConfiguration;
			buildSettings = {
				DEBUG_INFORMATION_FORMAT = dwarf;
				ENABLE_TESTABILITY = YES;
				GCC_NO_COMMON_BLOCKS = YES;
				INFOPLIST_FILE = cacheZeroUmOpen/Info.plist;
				IPHONEOS_DEPLOYMENT_TARGET = 9.1;
				LD_RUNPATH_SEARCH_PATHS = "$(inherited) @executable_path/Frameworks @executable_path/../../Frameworks";
				PRODUCT_BUNDLE_IDENTIFIER = org.bocamuchas.emiliano.cachezeroum.cacheZeroUmOpen;
				PRODUCT_NAME = "$(TARGET_NAME)";
				SKIP_INSTALL = YES;
			};
			name = Debug;
		};
		AC3C3F191C037DDA001AA531 /* Release */ = {
			isa = XCBuildConfiguration;
			buildSettings = {
				COPY_PHASE_STRIP = NO;
				DEBUG_INFORMATION_FORMAT = "dwarf-with-dsym";
				GCC_NO_COMMON_BLOCKS = YES;
				INFOPLIST_FILE = cacheZeroUmOpen/Info.plist;
				IPHONEOS_DEPLOYMENT_TARGET = 9.1;
				LD_RUNPATH_SEARCH_PATHS = "$(inherited) @executable_path/Frameworks @executable_path/../../Frameworks";
				PRODUCT_BUNDLE_IDENTIFIER = org.bocamuchas.emiliano.cachezeroum.cacheZeroUmOpen;
				PRODUCT_NAME = "$(TARGET_NAME)";
				SKIP_INSTALL = YES;
			};
			name = Release;
		};
		AC3C3F2B1C037EDB001AA531 /* Debug */ = {
			isa = XCBuildConfiguration;
			buildSettings = {
				DEBUG_INFORMATION_FORMAT = dwarf;
				ENABLE_TESTABILITY = YES;
				GCC_NO_COMMON_BLOCKS = YES;
				INFOPLIST_FILE = cacheZeroUmShare/Info.plist;
				IPHONEOS_DEPLOYMENT_TARGET = 9.1;
				LD_RUNPATH_SEARCH_PATHS = "$(inherited) @executable_path/Frameworks @executable_path/../../Frameworks";
				PRODUCT_BUNDLE_IDENTIFIER = org.bocamuchas.emiliano.cachezeroum.cacheZeroUmShare;
				PRODUCT_NAME = "$(TARGET_NAME)";
				SKIP_INSTALL = YES;
			};
			name = Debug;
		};
		AC3C3F2C1C037EDB001AA531 /* Release */ = {
			isa = XCBuildConfiguration;
			buildSettings = {
				COPY_PHASE_STRIP = NO;
				DEBUG_INFORMATION_FORMAT = "dwarf-with-dsym";
				GCC_NO_COMMON_BLOCKS = YES;
				INFOPLIST_FILE = cacheZeroUmShare/Info.plist;
				IPHONEOS_DEPLOYMENT_TARGET = 9.1;
				LD_RUNPATH_SEARCH_PATHS = "$(inherited) @executable_path/Frameworks @executable_path/../../Frameworks";
				PRODUCT_BUNDLE_IDENTIFIER = org.bocamuchas.emiliano.cachezeroum.cacheZeroUmShare;
				PRODUCT_NAME = "$(TARGET_NAME)";
				SKIP_INSTALL = YES;
			};
			name = Release;
		};
		CA62795B1A93B7FC00494E33 /* Debug */ = {
			isa = XCBuildConfiguration;
			buildSettings = {
				ALWAYS_SEARCH_USER_PATHS = NO;
				CLANG_CXX_LANGUAGE_STANDARD = "gnu++0x";
				CLANG_CXX_LIBRARY = "libc++";
				CLANG_ENABLE_MODULES = YES;
				CLANG_ENABLE_OBJC_ARC = YES;
				CLANG_WARN_BOOL_CONVERSION = YES;
				CLANG_WARN_CONSTANT_CONVERSION = YES;
				CLANG_WARN_DIRECT_OBJC_ISA_USAGE = YES_ERROR;
				CLANG_WARN_EMPTY_BODY = YES;
				CLANG_WARN_ENUM_CONVERSION = YES;
				CLANG_WARN_INT_CONVERSION = YES;
				CLANG_WARN_OBJC_ROOT_CLASS = YES_ERROR;
				CLANG_WARN_UNREACHABLE_CODE = YES;
				CLANG_WARN__DUPLICATE_METHOD_MATCH = YES;
				"CODE_SIGN_IDENTITY[sdk=iphoneos*]" = "iPhone Developer";
				COPY_PHASE_STRIP = NO;
				ENABLE_STRICT_OBJC_MSGSEND = YES;
				GCC_C_LANGUAGE_STANDARD = gnu99;
				GCC_DYNAMIC_NO_PIC = NO;
				GCC_OPTIMIZATION_LEVEL = 0;
				GCC_PREPROCESSOR_DEFINITIONS = (
					"DEBUG=1",
					"$(inherited)",
				);
				GCC_SYMBOLS_PRIVATE_EXTERN = NO;
				GCC_WARN_64_TO_32_BIT_CONVERSION = YES;
				GCC_WARN_ABOUT_RETURN_TYPE = YES_ERROR;
				GCC_WARN_UNDECLARED_SELECTOR = YES;
				GCC_WARN_UNINITIALIZED_AUTOS = YES_AGGRESSIVE;
				GCC_WARN_UNUSED_FUNCTION = YES;
				GCC_WARN_UNUSED_VARIABLE = YES;
				IPHONEOS_DEPLOYMENT_TARGET = 8.0;
				MTL_ENABLE_DEBUG_INFO = YES;
				ONLY_ACTIVE_ARCH = YES;
				SDKROOT = iphoneos;
				TARGETED_DEVICE_FAMILY = "1,2";
			};
			name = Debug;
		};
		CA62795C1A93B7FC00494E33 /* Release */ = {
			isa = XCBuildConfiguration;
			buildSettings = {
				ALWAYS_SEARCH_USER_PATHS = NO;
				CLANG_CXX_LANGUAGE_STANDARD = "gnu++0x";
				CLANG_CXX_LIBRARY = "libc++";
				CLANG_ENABLE_MODULES = YES;
				CLANG_ENABLE_OBJC_ARC = YES;
				CLANG_WARN_BOOL_CONVERSION = YES;
				CLANG_WARN_CONSTANT_CONVERSION = YES;
				CLANG_WARN_DIRECT_OBJC_ISA_USAGE = YES_ERROR;
				CLANG_WARN_EMPTY_BODY = YES;
				CLANG_WARN_ENUM_CONVERSION = YES;
				CLANG_WARN_INT_CONVERSION = YES;
				CLANG_WARN_OBJC_ROOT_CLASS = YES_ERROR;
				CLANG_WARN_UNREACHABLE_CODE = YES;
				CLANG_WARN__DUPLICATE_METHOD_MATCH = YES;
				"CODE_SIGN_IDENTITY[sdk=iphoneos*]" = "iPhone Developer";
				COPY_PHASE_STRIP = YES;
				ENABLE_NS_ASSERTIONS = NO;
				ENABLE_STRICT_OBJC_MSGSEND = YES;
				GCC_C_LANGUAGE_STANDARD = gnu99;
				GCC_WARN_64_TO_32_BIT_CONVERSION = YES;
				GCC_WARN_ABOUT_RETURN_TYPE = YES_ERROR;
				GCC_WARN_UNDECLARED_SELECTOR = YES;
				GCC_WARN_UNINITIALIZED_AUTOS = YES_AGGRESSIVE;
				GCC_WARN_UNUSED_FUNCTION = YES;
				GCC_WARN_UNUSED_VARIABLE = YES;
				IPHONEOS_DEPLOYMENT_TARGET = 8.0;
				MTL_ENABLE_DEBUG_INFO = NO;
				SDKROOT = iphoneos;
				TARGETED_DEVICE_FAMILY = "1,2";
				VALIDATE_PRODUCT = YES;
			};
			name = Release;
		};
		CA62795E1A93B7FC00494E33 /* Debug */ = {
			isa = XCBuildConfiguration;
			baseConfigurationReference = 4AB757BF5D78B91388A8F66E /* Pods.debug.xcconfig */;
			buildSettings = {
				ASSETCATALOG_COMPILER_APPICON_NAME = AppIcon;
				ASSETCATALOG_COMPILER_LAUNCHIMAGE_NAME = LaunchImage;
				GCC_PREFIX_HEADER = "cachezeroum/Cache-Prefix.pch";
				INFOPLIST_FILE = cachezeroum/Info.plist;
				IPHONEOS_DEPLOYMENT_TARGET = 8.0;
				LD_RUNPATH_SEARCH_PATHS = "$(inherited) @executable_path/Frameworks";
				PRODUCT_NAME = "$(TARGET_NAME)";
			};
			name = Debug;
		};
		CA62795F1A93B7FC00494E33 /* Release */ = {
			isa = XCBuildConfiguration;
			baseConfigurationReference = 78E6C4F39C64CBDAEEE77F4B /* Pods.release.xcconfig */;
			buildSettings = {
				ASSETCATALOG_COMPILER_APPICON_NAME = AppIcon;
				ASSETCATALOG_COMPILER_LAUNCHIMAGE_NAME = LaunchImage;
				GCC_PREFIX_HEADER = "cachezeroum/Cache-Prefix.pch";
				INFOPLIST_FILE = cachezeroum/Info.plist;
				IPHONEOS_DEPLOYMENT_TARGET = 8.0;
				LD_RUNPATH_SEARCH_PATHS = "$(inherited) @executable_path/Frameworks";
				PRODUCT_NAME = "$(TARGET_NAME)";
			};
			name = Release;
		};
		CA6279611A93B7FC00494E33 /* Debug */ = {
			isa = XCBuildConfiguration;
			baseConfigurationReference = 7C9019418904CA49E8D7A729 /* Pods-cachezeroumTests.debug.xcconfig */;
			buildSettings = {
				BUNDLE_LOADER = "$(TEST_HOST)";
				FRAMEWORK_SEARCH_PATHS = (
					"$(SDKROOT)/Developer/Library/Frameworks",
					"$(inherited)",
				);
				GCC_PREPROCESSOR_DEFINITIONS = (
					"DEBUG=1",
					"$(inherited)",
				);
				INFOPLIST_FILE = cachezeroumTests/Info.plist;
				LD_RUNPATH_SEARCH_PATHS = "$(inherited) @executable_path/Frameworks @loader_path/Frameworks";
				PRODUCT_NAME = "$(TARGET_NAME)";
				TEST_HOST = "$(BUILT_PRODUCTS_DIR)/cachezeroum.app/cachezeroum";
			};
			name = Debug;
		};
		CA6279621A93B7FC00494E33 /* Release */ = {
			isa = XCBuildConfiguration;
			baseConfigurationReference = FFF695F13EACB21168D3A387 /* Pods-cachezeroumTests.release.xcconfig */;
			buildSettings = {
				BUNDLE_LOADER = "$(TEST_HOST)";
				FRAMEWORK_SEARCH_PATHS = (
					"$(SDKROOT)/Developer/Library/Frameworks",
					"$(inherited)",
				);
				INFOPLIST_FILE = cachezeroumTests/Info.plist;
				LD_RUNPATH_SEARCH_PATHS = "$(inherited) @executable_path/Frameworks @loader_path/Frameworks";
				PRODUCT_NAME = "$(TARGET_NAME)";
				TEST_HOST = "$(BUILT_PRODUCTS_DIR)/cachezeroum.app/cachezeroum";
			};
			name = Release;
		};
/* End XCBuildConfiguration section */

/* Begin XCConfigurationList section */
		AC3C3F171C037DDA001AA531 /* Build configuration list for PBXNativeTarget "cacheZeroUmOpen" */ = {
			isa = XCConfigurationList;
			buildConfigurations = (
				AC3C3F181C037DDA001AA531 /* Debug */,
				AC3C3F191C037DDA001AA531 /* Release */,
			);
			defaultConfigurationIsVisible = 0;
		};
		AC3C3F2A1C037EDB001AA531 /* Build configuration list for PBXNativeTarget "cacheZeroUmShare" */ = {
			isa = XCConfigurationList;
			buildConfigurations = (
				AC3C3F2B1C037EDB001AA531 /* Debug */,
				AC3C3F2C1C037EDB001AA531 /* Release */,
			);
			defaultConfigurationIsVisible = 0;
		};
		CA6279351A93B7FB00494E33 /* Build configuration list for PBXProject "cachezeroum" */ = {
			isa = XCConfigurationList;
			buildConfigurations = (
				CA62795B1A93B7FC00494E33 /* Debug */,
				CA62795C1A93B7FC00494E33 /* Release */,
			);
			defaultConfigurationIsVisible = 0;
			defaultConfigurationName = Release;
		};
		CA62795D1A93B7FC00494E33 /* Build configuration list for PBXNativeTarget "cachezeroum" */ = {
			isa = XCConfigurationList;
			buildConfigurations = (
				CA62795E1A93B7FC00494E33 /* Debug */,
				CA62795F1A93B7FC00494E33 /* Release */,
			);
			defaultConfigurationIsVisible = 0;
			defaultConfigurationName = Release;
		};
		CA6279601A93B7FC00494E33 /* Build configuration list for PBXNativeTarget "cachezeroumTests" */ = {
			isa = XCConfigurationList;
			buildConfigurations = (
				CA6279611A93B7FC00494E33 /* Debug */,
				CA6279621A93B7FC00494E33 /* Release */,
			);
			defaultConfigurationIsVisible = 0;
			defaultConfigurationName = Release;
		};
/* End XCConfigurationList section */

/* Begin XCVersionGroup section */
		CA4717721A9538320047D3D5 /* Model.xcdatamodeld */ = {
			isa = XCVersionGroup;
			children = (
				CA4717731A9538320047D3D5 /* Model.xcdatamodel */,
			);
			currentVersion = CA4717731A9538320047D3D5 /* Model.xcdatamodel */;
			name = Model.xcdatamodeld;
			path = ../Model.xcdatamodeld;
			sourceTree = "<group>";
			versionGroupType = wrapper.xcdatamodel;
		};
/* End XCVersionGroup section */
	};
	rootObject = CA6279321A93B7FB00494E33 /* Project object */;
}
